
Microsoft Visual Studio Solution File, Format Version 12.00
# Visual Studio Version 17
VisualStudioVersion = 17.6.33829.357
MinimumVisualStudioVersion = 10.0.40219.1
Project("{FAE04EC0-301F-11D3-BF4B-00C04F79EFBC}") = "Chinese_Sale", "Chinese_Sale\Chinese_Sale.csproj", "{DF047359-6B20-4BB6-B12B-D40EEB3AC3F5}"
EndProject
Global
	GlobalSection(SolutionConfigurationPlatforms) = preSolution
		Debug|Any CPU = Debug|Any CPU
		Release|Any CPU = Release|Any CPU
	EndGlobalSection
	GlobalSection(ProjectConfigurationPlatforms) = postSolution
		{DF047359-6B20-4BB6-B12B-D40EEB3AC3F5}.Debug|Any CPU.ActiveCfg = Debug|Any CPU
		{DF047359-6B20-4BB6-B12B-D40EEB3AC3F5}.Debug|Any CPU.Build.0 = Debug|Any CPU
		{DF047359-6B20-4BB6-B12B-D40EEB3AC3F5}.Release|Any CPU.ActiveCfg = Release|Any CPU
		{DF047359-6B20-4BB6-B12B-D40EEB3AC3F5}.Release|Any CPU.Build.0 = Release|Any CPU
	EndGlobalSection
	GlobalSection(SolutionProperties) = preSolution
		HideSolutionNode = FALSE
	EndGlobalSection
	GlobalSection(ExtensibilityGlobals) = postSolution
		SolutionGuid = {ACDADC76-CECE-4A75-862A-C7098F564200}
	EndGlobalSection
EndGlobal
